# THIS IS AN AUTOGENERATED FILE. DO NOT EDIT THIS FILE DIRECTLY.
# yarn lockfile v1


"js-tokens@^3.0.0 || ^4.0.0":
  version "4.0.0"
  resolved "https://registry.yarnpkg.com/js-tokens/-/js-tokens-4.0.0.tgz#19203fb59991df98e3a287050d4647cdeaf32499"

loose-envify@^1.1.0:
  version "1.4.0"
  resolved "https://registry.yarnpkg.com/loose-envify/-/loose-envify-1.4.0.tgz#71ee51fa7be4caec1a63839f7e682d8132d30caf"
  dependencies:
    js-tokens "^3.0.0 || ^4.0.0"

nanoid@^1.0.7:
  version "1.2.0"
  resolved "https://registry.yarnpkg.com/nanoid/-/nanoid-1.2.0.tgz#e2c4dfa45c2bed995d0214aae157ce5052cfcb1d"

object-path@0.6.0:
  version "0.6.0"
  resolved "https://registry.yarnpkg.com/object-path/-/object-path-0.6.0.tgz#b69a7d110937934f336ca561fd9be1ad7b7e0cb7"

redux-thunk@^2.3.0:
  version "2.3.0"
  resolved "https://registry.yarnpkg.com/redux-thunk/-/redux-thunk-2.3.0.tgz#51c2c19a185ed5187aaa9a2d08b666d0d6467622"

redux@^4.0.0:
  version "4.0.0"
  resolved "https://registry.yarnpkg.com/redux/-/redux-4.0.0.tgz#aa698a92b729315d22b34a0553d7e6533555cc03"
  dependencies:
    loose-envify "^1.1.0"
    symbol-observable "^1.2.0"

shortid@~2.2.8:
  version "2.2.12"
  resolved "https://registry.yarnpkg.com/shortid/-/shortid-2.2.12.tgz#8e9a95ffbc671fff8f09e985dbc7874102b0cfd2"
  dependencies:
    nanoid "^1.0.7"

sort-by@~1.2.0:
  version "1.2.0"
  resolved "https://registry.yarnpkg.com/sort-by/-/sort-by-1.2.0.tgz#ed92bbff9fd2284b41f6503e38496607b225fe6f"
  dependencies:
    object-path "0.6.0"

symbol-observable@^1.2.0:
  version "1.2.0"
  resolved "https://registry.yarnpkg.com/symbol-observable/-/symbol-observable-1.2.0.tgz#c22688aed4eab3cdc2dfeacbb561660560a00804"
