# THIS IS AN AUTOGENERATED FILE. DO NOT EDIT THIS FILE DIRECTLY.
# yarn lockfile v1


hyperhtml@^2.13.0:
  version "2.13.0"
  resolved "https://registry.yarnpkg.com/hyperhtml/-/hyperhtml-2.13.0.tgz#6eb43fc3dfdd0775374d0b80bb990b05aeba2213"
  dependencies:
    lightercollective "^0.1.0"

"js-tokens@^3.0.0 || ^4.0.0":
  version "4.0.0"
  resolved "https://registry.yarnpkg.com/js-tokens/-/js-tokens-4.0.0.tgz#19203fb59991df98e3a287050d4647cdeaf32499"

lightercollective@^0.1.0:
  version "0.1.0"
  resolved "https://registry.yarnpkg.com/lightercollective/-/lightercollective-0.1.0.tgz#70df102c530dcb8d0ccabfe6175a8d00d5f61300"

lit-html@^0.10.2:
  version "0.10.2"
  resolved "https://registry.yarnpkg.com/lit-html/-/lit-html-0.10.2.tgz#53c846afcf91bb1e6623179ef22e327ab8ac0e0e"

loose-envify@^1.1.0:
  version "1.4.0"
  resolved "https://registry.yarnpkg.com/loose-envify/-/loose-envify-1.4.0.tgz#71ee51fa7be4caec1a63839f7e682d8132d30caf"
  dependencies:
    js-tokens "^3.0.0 || ^4.0.0"

nanoid@^1.0.7:
  version "1.2.0"
  resolved "https://registry.yarnpkg.com/nanoid/-/nanoid-1.2.0.tgz#e2c4dfa45c2bed995d0214aae157ce5052cfcb1d"

object-path@0.6.0:
  version "0.6.0"
  resolved "https://registry.yarnpkg.com/object-path/-/object-path-0.6.0.tgz#b69a7d110937934f336ca561fd9be1ad7b7e0cb7"

pluralize@^7.0.0:
  version "7.0.0"
  resolved "https://registry.yarnpkg.com/pluralize/-/pluralize-7.0.0.tgz#298b89df8b93b0221dbf421ad2b1b1ea23fc6777"

ramda@^0.25.0:
  version "0.25.0"
  resolved "https://registry.yarnpkg.com/ramda/-/ramda-0.25.0.tgz#8fdf68231cffa90bc2f9460390a0cb74a29b29a9"

redux-thunk@^2.3.0:
  version "2.3.0"
  resolved "https://registry.yarnpkg.com/redux-thunk/-/redux-thunk-2.3.0.tgz#51c2c19a185ed5187aaa9a2d08b666d0d6467622"

redux@^4.0.0:
  version "4.0.0"
  resolved "https://registry.yarnpkg.com/redux/-/redux-4.0.0.tgz#aa698a92b729315d22b34a0553d7e6533555cc03"
  dependencies:
    loose-envify "^1.1.0"
    symbol-observable "^1.2.0"

shortid@~2.2.8:
  version "2.2.12"
  resolved "https://registry.yarnpkg.com/shortid/-/shortid-2.2.12.tgz#8e9a95ffbc671fff8f09e985dbc7874102b0cfd2"
  dependencies:
    nanoid "^1.0.7"

sort-by@~1.2.0:
  version "1.2.0"
  resolved "https://registry.yarnpkg.com/sort-by/-/sort-by-1.2.0.tgz#ed92bbff9fd2284b41f6503e38496607b225fe6f"
  dependencies:
    object-path "0.6.0"

symbol-observable@^1.2.0:
  version "1.2.0"
  resolved "https://registry.yarnpkg.com/symbol-observable/-/symbol-observable-1.2.0.tgz#c22688aed4eab3cdc2dfeacbb561660560a00804"

tili@^0.8.4:
  version "0.8.4"
  resolved "https://registry.yarnpkg.com/tili/-/tili-0.8.4.tgz#3f85b3e0aae5fab4e90a758c574f6709f489df34"
