{
  "name": "switzerland",
  "version": "1.0.0",
  "lockfileVersion": 1,
  "requires": true,
  "dependencies": {
    "flow": {
      "version": "0.2.3",
      "resolved": "https://registry.npmjs.org/flow/-/flow-0.2.3.tgz",
      "integrity": "sha1-+Npl76JJEn7Jk3aiiJZXKpeV0a8=",
      "dev": true
    },
    "picodom": {
      "version": "0.1.0",
      "resolved": "https://registry.npmjs.org/picodom/-/picodom-0.1.0.tgz",
      "integrity": "sha512-FqjczY5BR3u6ceQm+OpHCw4HwHX8p/m0MVJNjPWMeEK5EyI4mIkIWuvx0CS0VtAwQqoEZE5jzCvJuAyWpdoL1g=="
    }
  }
}
